github.com/davecgh/go-spew v1.1.0 h1:ZDRjVQ15GmhC3fiQ8ni8+OwkZQO4DARzQgrnXU1Liz8=
github.com/davecgh/go-spew v1.1.0/go.mod h1:J7Y8YcW2NihsgmVo/mv3lAwl/skON4iLHjSsI+c5H38=
github.com/inkyblackness/imgui-go v1.8.0 h1:Pz1RrZjIt+SofgHyP2Mfe8GpGqcYa8rF+wY5Kcr/Drc=
github.com/inkyblackness/imgui-go v1.8.0/go.mod h1:Mki1fp0SBQ0dq2wkAPKjI3Zod0fgpEFsPM9cGUoCNi8=
github.com/inkyblackness/imgui-go v1.12.0 h1:uaxSM5SbbqCTGEx5ig7B2J78hM3g3az4f5NC6b4J7lY=
github.com/inkyblackness/imgui-go/v2 v2.2.0 h1:uvfu6hBbuK56g4F7TOmxXSEQMpTZc3nNgusmK2cz06Y=
github.com/inkyblackness/imgui-go/v2 v2.2.0/go.mod h1:cwQKd6U2onyuT5qwSC3DKCRsUE1SQ58TSVVpLoW/pDs=
github.com/pmezard/go-difflib v1.0.0 h1:4DBwDE0NGyQoBHbLQYPwSUPoCMWR5BEzIk/f1lZbAQM=
github.com/pmezard/go-difflib v1.0.0/go.mod h1:iKH77koFhYxTK1pcRnkKkqfTogsbg7gZNVY4sRDYZ/4=
github.com/stretchr/objx v0.1.0/go.mod h1:HFkY916IF+rwdDfMAkV7OtwuqBVzrE8GR6GFx+wExME=
github.com/stretchr/testify v1.3.0 h1:TivCn/peBQ7UY8ooIcPgZFpTNSz0Q2U6UrFlUfqbe0Q=
github.com/stretchr/testify v1.3.0/go.mod h1:M5WIy9Dh21IEIfnGCwXGc5bZfKNJtfHm1UVUgZn+9EI=
